30c0d49ad4ee218f35de08430754e28cc5dd580cdd991b69f20ea93ec5aac6f1  pkg/dsl/eval.go
abf4510a861a4ee903c1123fbb0eb9952b2fb860189e36f6ea44677958d20b19  pkg/dsl/evaluator.go
8dcd5c923b4ddea59d87fa5c2763506d2c8fa80568246a4ffcb835e3078c8927  pkg/dsl/guard.go
7a6b4f3d5a0be306d850a59b35f8e397c7189b9f4946762460f575d2c7437928  pkg/dsl/guard_test.go
e7376ba9af2e496a4080c0569c5c5ebbf4a561ce4c4e34fd78c0bf93806d6940  pkg/dsl/lexer.go
89a36f7fc481501e50881975d1afb70325dc9ebc5fbb4432084f33a38c099d5e  pkg/dsl/parser.go
8ba15ba49ee7b8201bb0520607640f661bb982f09566ffc28765f492adde65df  pkg/metamodel/application.go
8863a6a952eca75cc40b5120fb04d9b06dc9a051fbeff3f685393d7a15be43ea  pkg/metamodel/convert.go
76e4b4c4fe948548436459220f8d5b7e2f921bc6be35cc606c3931a1f21a232a  pkg/metamodel/convert_test.go
3dd7309e8cdf30900309a2142d01e613662f9a29dd5c22f744a7d7a65f2dcdf1  pkg/metamodel/frommodel.go
65bfecc594d1a0ce6d96deda92e595a7733c557283c292f3584e878cc6284156  pkg/metamodel/readarc_test.go
56ef81663b4d734f3a296dc99daacece935e2ebe7c9f8e0e2489330672c1a6c6  pkg/metamodel/readonly_parity_test.go
af60734b32fc91e251d496fe87d810bd3ae9f9d9bbf8771bdbe8d32a4bb566df  pkg/metamodel/runtime.go
55534307880fa3410f40794fd439a59df3ce830a7ac900ecb1c942604b2baab4  pkg/metamodel/schema.go
b193c01c83372c159624359f14389d1be7bbdbc055c273c2409f9d3cd756fa3d  pkg/metamodel/schema_test.go
8c45c6b2e80c1d4ee959d7e639bc6a645a09b22d12bac6e26dae48e0d563eacc  pkg/metamodel/validation.go
7dd5665cdcc9e06a65aa4e04c2a18bfae6ac4c109485c602f2f2bc20610fab39  pkg/metamodel/views.go
11d8a45c2f89713ac400bcaae4d7bb3dfb3f321eb2bfb1b6641e50a2d4ea0d2f  pkg/validator/implementability.go
28873256d4b1dc90f740aa4d8ca8e6d995add9d333c9bfb4b27c11b2cd2f5bee  pkg/validator/implementability_test.go
a18c73e957f683fdeb6b78d2112465222aab77429f378c6905f0e0bcad6203d2  pkg/validator/invariants_test.go
4706697fe8ffd6003efebcb1fbe03dbb937794ef97a79d887123789760736424  pkg/validator/readarc_test.go
a76f431a1071fb3e9ce4874347e4d351c8be840aef0f5a6cff744f0faf71d931  pkg/validator/validator.go
f6fa43239c997cfbd5805b7b3ab2a6c7b48734427e64a82f83775b9d1cd9ffa0  pkg/extensions/adapter.go
8ab4bd7877beee9a38162f63c51c1a8accb7388b77afc076db542f3c902a2402  pkg/extensions/adapter_test.go
a2285d2a16f7f48f3081de31a201e9ea805e6e38d2f5b4ec0af8b79052d092e2  pkg/extensions/application.go
de745b57e05eeb22fe053c0cc872e4f045415a1c02c04affff89ffe148bd555a  pkg/extensions/entities.go
4bcfa8241d6b262e3da451bce13e224b1c40b024ad4b71b2ad7b6b48b63ce433  pkg/extensions/extensions_test.go
e7f7daa947a3e0888181e16141232fd1ebae3ddd7f702dd4905af39f5b4bd14f  pkg/extensions/pages.go
1b79110e06f170a647d1a00641b828a58a2dae7d18ab75c1b103520b6c8abaef  pkg/extensions/roles.go
4040d85a8bf99478991f7cc004e7bb7c21745a045771cbf6068b97e28d287b06  pkg/extensions/views.go
b66dcb2a23a96903bf3d0ee71243dc69762cf37eac38dccba2a432e1e5b0df05  pkg/extensions/workflows.go
90e429f7a97b975ba0020ad44603dba9403d4b99ebb886743429ba532ff7f111  pkg/prng/prng.go
6f7b7f96d92600d98c77dc44e12b386cda5375d66c1875158063a3835b1d3e32  pkg/prng/prng_test.go
7850090f35e7e877df9f4e86c34d8562789a02079fadca2de48a792f96285785  pkg/runtime/eventgen/engine.go
e7c0b9650296823549f119d54e0c8ff68523cffff59275794739f49899188f28  pkg/runtime/eventgen/playout.go
0ca55c901b94e7a91e6b1669a90d6da502f1e18532ede32f43837361c142047b  pkg/runtime/eventgen/playout_test.go
1158f0a97cb7d7a2e41dc506f604bee66cefac3651bc744ee1aa4ac896e66d58  pkg/runtime/eventgen/writers.go
